{
  "name": "catalogo-glam-migrate",
  "version": "1.0.0",
  "lockfileVersion": 3,
  "requires": true,
  "packages": {
    "": {
      "name": "catalogo-glam-migrate",
      "version": "1.0.0",
      "dependencies": {
        "csv-parser": "^3.2.0",
        "pocketbase": "^0.26.2"
      }
    },
    "node_modules/csv-parser": {
      "version": "3.2.1",
      "resolved": "https://registry.npmjs.org/csv-parser/-/csv-parser-3.2.1.tgz",
      "integrity": "sha512-v8RPMSglouR9od735SnwSxLBbCJqEPSbgm1R5qfr8yIiMUCEFjox56kRZid0SvgHJEkxeIEu3+a9QS3YRh7CuA==",
      "license": "MIT",
      "bin": {
        "csv-parser": "bin/csv-parser"
      },
      "engines": {
        "node": ">= 10"
      }
    },
    "node_modules/pocketbase": {
      "version": "0.26.9",
      "resolved": "https://registry.npmjs.org/pocketbase/-/pocketbase-0.26.9.tgz",
      "integrity": "sha512-Tiv1/hNuUzRdvT0d8hF03dfzuefQ1WdSRp1A1q3wzFC/WYhQcbU/Qlaubl/3ZDo6xvFXBS8JAgBS/L+ms7nkVQ==",
      "license": "MIT"
    }
  }
}
